
Microsoft Visual Studio Solution File, Format Version 12.00
# Visual Studio Version 16
VisualStudioVersion = 16.0.31205.134
MinimumVisualStudioVersion = 10.0.40219.1
Project("{8BC9CEB8-8B4A-11D0-8D11-00A0C91BC942}") = "C++_Basic_100_Problems_Arrays", "C++_Basic_100_Problems_Arrays.vcxproj", "{A1C010DC-FC03-4CE9-B306-5D5A99943788}"
EndProject
Global
	GlobalSection(SolutionConfigurationPlatforms) = preSolution
		Debug|x64 = Debug|x64
		Debug|x86 = Debug|x86
		Release|x64 = Release|x64
		Release|x86 = Release|x86
	EndGlobalSection
	GlobalSection(ProjectConfigurationPlatforms) = postSolution
		{A1C010DC-FC03-4CE9-B306-5D5A99943788}.Debug|x64.ActiveCfg = Debug|x64
		{A1C010DC-FC03-4CE9-B306-5D5A99943788}.Debug|x64.Build.0 = Debug|x64
		{A1C010DC-FC03-4CE9-B306-5D5A99943788}.Debug|x86.ActiveCfg = Debug|Win32
		{A1C010DC-FC03-4CE9-B306-5D5A99943788}.Debug|x86.Build.0 = Debug|Win32
		{A1C010DC-FC03-4CE9-B306-5D5A99943788}.Release|x64.ActiveCfg = Release|x64
		{A1C010DC-FC03-4CE9-B306-5D5A99943788}.Release|x64.Build.0 = Release|x64
		{A1C010DC-FC03-4CE9-B306-5D5A99943788}.Release|x86.ActiveCfg = Release|Win32
		{A1C010DC-FC03-4CE9-B306-5D5A99943788}.Release|x86.Build.0 = Release|Win32
	EndGlobalSection
	GlobalSection(SolutionProperties) = preSolution
		HideSolutionNode = FALSE
	EndGlobalSection
	GlobalSection(ExtensibilityGlobals) = postSolution
		SolutionGuid = {7D475E06-1276-4D84-A6BE-E04D212BCAC0}
	EndGlobalSection
EndGlobal
