
Microsoft Visual Studio Solution File, Format Version 12.00
# Visual Studio Version 16
VisualStudioVersion = 16.0.31205.134
MinimumVisualStudioVersion = 10.0.40219.1
Project("{8BC9CEB8-8B4A-11D0-8D11-00A0C91BC942}") = "C++_Basic_100_Problems_LogicalOperation", "C++_Basic_100_Problems_LogicalOperation.vcxproj", "{86422311-178C-41F3-8703-84ABC24CDDAE}"
EndProject
Global
	GlobalSection(SolutionConfigurationPlatforms) = preSolution
		Debug|x64 = Debug|x64
		Debug|x86 = Debug|x86
		Release|x64 = Release|x64
		Release|x86 = Release|x86
	EndGlobalSection
	GlobalSection(ProjectConfigurationPlatforms) = postSolution
		{86422311-178C-41F3-8703-84ABC24CDDAE}.Debug|x64.ActiveCfg = Debug|x64
		{86422311-178C-41F3-8703-84ABC24CDDAE}.Debug|x64.Build.0 = Debug|x64
		{86422311-178C-41F3-8703-84ABC24CDDAE}.Debug|x86.ActiveCfg = Debug|Win32
		{86422311-178C-41F3-8703-84ABC24CDDAE}.Debug|x86.Build.0 = Debug|Win32
		{86422311-178C-41F3-8703-84ABC24CDDAE}.Release|x64.ActiveCfg = Release|x64
		{86422311-178C-41F3-8703-84ABC24CDDAE}.Release|x64.Build.0 = Release|x64
		{86422311-178C-41F3-8703-84ABC24CDDAE}.Release|x86.ActiveCfg = Release|Win32
		{86422311-178C-41F3-8703-84ABC24CDDAE}.Release|x86.Build.0 = Release|Win32
	EndGlobalSection
	GlobalSection(SolutionProperties) = preSolution
		HideSolutionNode = FALSE
	EndGlobalSection
	GlobalSection(ExtensibilityGlobals) = postSolution
		SolutionGuid = {3C82F433-9630-4CAE-9C8B-699B3B260A2A}
	EndGlobalSection
EndGlobal
